
Microsoft Visual Studio Solution File, Format Version 12.00
# Visual Studio 15
VisualStudioVersion = 15.0.28010.2048
MinimumVisualStudioVersion = 10.0.40219.1
Project("{FAE04EC0-301F-11D3-BF4B-00C04F79EFBC}") = "xQuantLogFactory", "xQuantLogFactory\xQuantLogFactory.csproj", "{A2D3FB8C-BF8D-478E-AC36-0C9DC1E05EDE}"
EndProject
Project("{FAE04EC0-301F-11D3-BF4B-00C04F79EFBC}") = "xQuantLogFactoryTests", "xQuantLogFactoryTests\xQuantLogFactoryTests.csproj", "{13A1CF59-4A16-44AE-A47C-0580DAC1EA7A}"
EndProject
Project("{FAE04EC0-301F-11D3-BF4B-00C04F79EFBC}") = "BatchHost", "BatchHost\BatchHost.csproj", "{3B6F2BE5-0372-45A7-B729-AF950AEF138A}"
EndProject
Project("{FAE04EC0-301F-11D3-BF4B-00C04F79EFBC}") = "BatchHostTests", "BatchHostTests\BatchHostTests.csproj", "{50F0305A-B622-41F3-8F95-320C316A15B1}"
EndProject
Project("{FAE04EC0-301F-11D3-BF4B-00C04F79EFBC}") = "ChartWebSite", "ChartWebSite\ChartWebSite.csproj", "{C8D18CFB-25DF-4C16-8AA0-C9BD824BD129}"
EndProject
Global
	GlobalSection(SolutionConfigurationPlatforms) = preSolution
		Debug|Any CPU = Debug|Any CPU
		Release|Any CPU = Release|Any CPU
	EndGlobalSection
	GlobalSection(ProjectConfigurationPlatforms) = postSolution
		{A2D3FB8C-BF8D-478E-AC36-0C9DC1E05EDE}.Debug|Any CPU.ActiveCfg = Debug|Any CPU
		{A2D3FB8C-BF8D-478E-AC36-0C9DC1E05EDE}.Debug|Any CPU.Build.0 = Debug|Any CPU
		{A2D3FB8C-BF8D-478E-AC36-0C9DC1E05EDE}.Release|Any CPU.ActiveCfg = Release|Any CPU
		{A2D3FB8C-BF8D-478E-AC36-0C9DC1E05EDE}.Release|Any CPU.Build.0 = Release|Any CPU
		{13A1CF59-4A16-44AE-A47C-0580DAC1EA7A}.Debug|Any CPU.ActiveCfg = Debug|Any CPU
		{13A1CF59-4A16-44AE-A47C-0580DAC1EA7A}.Debug|Any CPU.Build.0 = Debug|Any CPU
		{13A1CF59-4A16-44AE-A47C-0580DAC1EA7A}.Release|Any CPU.ActiveCfg = Release|Any CPU
		{13A1CF59-4A16-44AE-A47C-0580DAC1EA7A}.Release|Any CPU.Build.0 = Release|Any CPU
		{3B6F2BE5-0372-45A7-B729-AF950AEF138A}.Debug|Any CPU.ActiveCfg = Debug|Any CPU
		{3B6F2BE5-0372-45A7-B729-AF950AEF138A}.Debug|Any CPU.Build.0 = Debug|Any CPU
		{3B6F2BE5-0372-45A7-B729-AF950AEF138A}.Release|Any CPU.ActiveCfg = Release|Any CPU
		{3B6F2BE5-0372-45A7-B729-AF950AEF138A}.Release|Any CPU.Build.0 = Release|Any CPU
		{50F0305A-B622-41F3-8F95-320C316A15B1}.Debug|Any CPU.ActiveCfg = Debug|Any CPU
		{50F0305A-B622-41F3-8F95-320C316A15B1}.Debug|Any CPU.Build.0 = Debug|Any CPU
		{50F0305A-B622-41F3-8F95-320C316A15B1}.Release|Any CPU.ActiveCfg = Release|Any CPU
		{50F0305A-B622-41F3-8F95-320C316A15B1}.Release|Any CPU.Build.0 = Release|Any CPU
		{C8D18CFB-25DF-4C16-8AA0-C9BD824BD129}.Debug|Any CPU.ActiveCfg = Debug|Any CPU
		{C8D18CFB-25DF-4C16-8AA0-C9BD824BD129}.Debug|Any CPU.Build.0 = Debug|Any CPU
		{C8D18CFB-25DF-4C16-8AA0-C9BD824BD129}.Release|Any CPU.ActiveCfg = Release|Any CPU
		{C8D18CFB-25DF-4C16-8AA0-C9BD824BD129}.Release|Any CPU.Build.0 = Release|Any CPU
	EndGlobalSection
	GlobalSection(SolutionProperties) = preSolution
		HideSolutionNode = FALSE
	EndGlobalSection
	GlobalSection(ExtensibilityGlobals) = postSolution
		SolutionGuid = {83E74DA2-CE99-4701-9FBF-556686F7187C}
	EndGlobalSection
	GlobalSection(Performance) = preSolution
		HasPerformanceSessions = true
	EndGlobalSection
EndGlobal
